// !$*UTF8*$!
{
	archiveVersion = 1;
	classes = {
	};
	objectVersion = 56;
	objects = {

/* Begin PBXBuildFile section */
		7A1BD6FF2B6D0C0B00066D66 /* Peachi-black.otf in Resources */ = {isa = PBXBuildFile; fileRef = 7A1BD6FD2B6D0C0A00066D66 /* Peachi-black.otf */; };
		7A1BD7002B6D0C0B00066D66 /* Nunito-Bold.ttf in Resources */ = {isa = PBXBuildFile; fileRef = 7A1BD6FE2B6D0C0A00066D66 /* Nunito-Bold.ttf */; };
		7A1BD7022B6D0E0F00066D66 /* PlaylistViewController.swift in Sources */ = {isa = PBXBuildFile; fileRef = 7A1BD7012B6D0E0F00066D66 /* PlaylistViewController.swift */; };
		7A1BD7082B6D322100066D66 /* Mantras.plist in Resources */ = {isa = PBXBuildFile; fileRef = 7A1BD7072B6D322100066D66 /* Mantras.plist */; };
		7A1BD70A2B6D327500066D66 /* MantraModel.swift in Sources */ = {isa = PBXBuildFile; fileRef = 7A1BD7092B6D327500066D66 /* MantraModel.swift */; };
		7A1BD70D2B6D3DCE00066D66 /* TableViewMantraCell.swift in Sources */ = {isa = PBXBuildFile; fileRef = 7A1BD70C2B6D3DCE00066D66 /* TableViewMantraCell.swift */; };
		7A1BD70F2B6D3FDF00066D66 /* UITableView + Ext.swift in Sources */ = {isa = PBXBuildFile; fileRef = 7A1BD70E2B6D3FDF00066D66 /* UITableView + Ext.swift */; };
		7A1BD7112B6D597E00066D66 /* Int + Ext.swift in Sources */ = {isa = PBXBuildFile; fileRef = 7A1BD7102B6D597E00066D66 /* Int + Ext.swift */; };
		7A1BD7132B6D6B0400066D66 /* Localizable.strings in Resources */ = {isa = PBXBuildFile; fileRef = 7A1BD7122B6D6B0400066D66 /* Localizable.strings */; };
		7A1BD7152B6D6B8B00066D66 /* Localizable.swift in Sources */ = {isa = PBXBuildFile; fileRef = 7A1BD7142B6D6B8A00066D66 /* Localizable.swift */; };
		7AC38F7F2B6CE87000A866AF /* AppDelegate.swift in Sources */ = {isa = PBXBuildFile; fileRef = 7AC38F7E2B6CE87000A866AF /* AppDelegate.swift */; };
		7AC38F832B6CE87000A866AF /* MainViewController.swift in Sources */ = {isa = PBXBuildFile; fileRef = 7AC38F822B6CE87000A866AF /* MainViewController.swift */; };
		7AC38F882B6CE88500A866AF /* Assets.xcassets in Resources */ = {isa = PBXBuildFile; fileRef = 7AC38F872B6CE88500A866AF /* Assets.xcassets */; };
		7AC38F992B6CEA5400A866AF /* AppTheme.swift in Sources */ = {isa = PBXBuildFile; fileRef = 7AC38F982B6CEA5400A866AF /* AppTheme.swift */; };
		7AC38F9F2B6CF60400A866AF /* NSObject + Ext.swift in Sources */ = {isa = PBXBuildFile; fileRef = 7AC38F9E2B6CF60400A866AF /* NSObject + Ext.swift */; };
		7AC38FA22B6CF6F900A866AF /* SnapKit in Frameworks */ = {isa = PBXBuildFile; productRef = 7AC38FA12B6CF6F900A866AF /* SnapKit */; };
/* End PBXBuildFile section */

/* Begin PBXFileReference section */
		7A1BD6FD2B6D0C0A00066D66 /* Peachi-black.otf */ = {isa = PBXFileReference; lastKnownFileType = file; path = "Peachi-black.otf"; sourceTree = "<group>"; };
		7A1BD6FE2B6D0C0A00066D66 /* Nunito-Bold.ttf */ = {isa = PBXFileReference; lastKnownFileType = file; path = "Nunito-Bold.ttf"; sourceTree = "<group>"; };
		7A1BD7012B6D0E0F00066D66 /* PlaylistViewController.swift */ = {isa = PBXFileReference; lastKnownFileType = sourcecode.swift; path = PlaylistViewController.swift; sourceTree = "<group>"; };
		7A1BD7072B6D322100066D66 /* Mantras.plist */ = {isa = PBXFileReference; fileEncoding = 4; lastKnownFileType = text.plist.xml; path = Mantras.plist; sourceTree = "<group>"; };
		7A1BD7092B6D327500066D66 /* MantraModel.swift */ = {isa = PBXFileReference; lastKnownFileType = sourcecode.swift; path = MantraModel.swift; sourceTree = "<group>"; };
		7A1BD70C2B6D3DCE00066D66 /* TableViewMantraCell.swift */ = {isa = PBXFileReference; lastKnownFileType = sourcecode.swift; path = TableViewMantraCell.swift; sourceTree = "<group>"; };
		7A1BD70E2B6D3FDF00066D66 /* UITableView + Ext.swift */ = {isa = PBXFileReference; lastKnownFileType = sourcecode.swift; path = "UITableView + Ext.swift"; sourceTree = "<group>"; };
		7A1BD7102B6D597E00066D66 /* Int + Ext.swift */ = {isa = PBXFileReference; lastKnownFileType = sourcecode.swift; path = "Int + Ext.swift"; sourceTree = "<group>"; };
		7A1BD7122B6D6B0400066D66 /* Localizable.strings */ = {isa = PBXFileReference; lastKnownFileType = text.plist.strings; path = Localizable.strings; sourceTree = "<group>"; };
		7A1BD7142B6D6B8A00066D66 /* Localizable.swift */ = {isa = PBXFileReference; lastKnownFileType = sourcecode.swift; path = Localizable.swift; sourceTree = "<group>"; };
		7AC38F7B2B6CE87000A866AF /* MantraList.app */ = {isa = PBXFileReference; explicitFileType = wrapper.application; includeInIndex = 0; path = MantraList.app; sourceTree = BUILT_PRODUCTS_DIR; };
		7AC38F7E2B6CE87000A866AF /* AppDelegate.swift */ = {isa = PBXFileReference; lastKnownFileType = sourcecode.swift; path = AppDelegate.swift; sourceTree = "<group>"; };
		7AC38F822B6CE87000A866AF /* MainViewController.swift */ = {isa = PBXFileReference; lastKnownFileType = sourcecode.swift; path = MainViewController.swift; sourceTree = "<group>"; };
		7AC38F872B6CE88500A866AF /* Assets.xcassets */ = {isa = PBXFileReference; lastKnownFileType = folder.assetcatalog; path = Assets.xcassets; sourceTree = "<group>"; };
		7AC38F8C2B6CE88500A866AF /* Info.plist */ = {isa = PBXFileReference; lastKnownFileType = text.plist.xml; path = Info.plist; sourceTree = "<group>"; };
		7AC38F982B6CEA5400A866AF /* AppTheme.swift */ = {isa = PBXFileReference; lastKnownFileType = sourcecode.swift; path = AppTheme.swift; sourceTree = "<group>"; };
		7AC38F9E2B6CF60400A866AF /* NSObject + Ext.swift */ = {isa = PBXFileReference; lastKnownFileType = sourcecode.swift; path = "NSObject + Ext.swift"; sourceTree = "<group>"; };
/* End PBXFileReference section */

/* Begin PBXFrameworksBuildPhase section */
		7AC38F782B6CE87000A866AF /* Frameworks */ = {
			isa = PBXFrameworksBuildPhase;
			buildActionMask = 2147483647;
			files = (
				7AC38FA22B6CF6F900A866AF /* SnapKit in Frameworks */,
			);
			runOnlyForDeploymentPostprocessing = 0;
		};
/* End PBXFrameworksBuildPhase section */

/* Begin PBXGroup section */
		7A1BD6FC2B6D0C0A00066D66 /* Fonts */ = {
			isa = PBXGroup;
			children = (
				7A1BD6FE2B6D0C0A00066D66 /* Nunito-Bold.ttf */,
				7A1BD6FD2B6D0C0A00066D66 /* Peachi-black.otf */,
			);
			path = Fonts;
			sourceTree = "<group>";
		};
		7A1BD7052B6D313500066D66 /* Data */ = {
			isa = PBXGroup;
			children = (
				7A1BD7072B6D322100066D66 /* Mantras.plist */,
			);
			path = Data;
			sourceTree = "<group>";
		};
		7A1BD70B2B6D3DBC00066D66 /* Views */ = {
			isa = PBXGroup;
			children = (
				7A1BD70C2B6D3DCE00066D66 /* TableViewMantraCell.swift */,
			);
			path = Views;
			sourceTree = "<group>";
		};
		7A1BD7162B6D700F00066D66 /* Localization */ = {
			isa = PBXGroup;
			children = (
				7A1BD7122B6D6B0400066D66 /* Localizable.strings */,
				7A1BD7142B6D6B8A00066D66 /* Localizable.swift */,
			);
			path = Localization;
			sourceTree = "<group>";
		};
		7AC38F722B6CE87000A866AF = {
			isa = PBXGroup;
			children = (
				7AC38F7D2B6CE87000A866AF /* MantraList */,
				7AC38F7C2B6CE87000A866AF /* Products */,
			);
			sourceTree = "<group>";
		};
		7AC38F7C2B6CE87000A866AF /* Products */ = {
			isa = PBXGroup;
			children = (
				7AC38F7B2B6CE87000A866AF /* MantraList.app */,
			);
			name = Products;
			sourceTree = "<group>";
		};
		7AC38F7D2B6CE87000A866AF /* MantraList */ = {
			isa = PBXGroup;
			children = (
				7AC38F972B6CEA3900A866AF /* AppDelegate */,
				7AC38F9D2B6CF5C200A866AF /* Extensions */,
				7AC38F9A2B6CEBD400A866AF /* Modules */,
				7AC38F922B6CE8F900A866AF /* Resources */,
			);
			path = MantraList;
			sourceTree = "<group>";
		};
		7AC38F922B6CE8F900A866AF /* Resources */ = {
			isa = PBXGroup;
			children = (
				7AC38F872B6CE88500A866AF /* Assets.xcassets */,
				7A1BD7052B6D313500066D66 /* Data */,
				7AC38F8C2B6CE88500A866AF /* Info.plist */,
				7A1BD7162B6D700F00066D66 /* Localization */,
				7AC38F932B6CE90F00A866AF /* Theme */,
			);
			path = Resources;
			sourceTree = "<group>";
		};
		7AC38F932B6CE90F00A866AF /* Theme */ = {
			isa = PBXGroup;
			children = (
				7A1BD6FC2B6D0C0A00066D66 /* Fonts */,
				7AC38F982B6CEA5400A866AF /* AppTheme.swift */,
			);
			path = Theme;
			sourceTree = "<group>";
		};
		7AC38F972B6CEA3900A866AF /* AppDelegate */ = {
			isa = PBXGroup;
			children = (
				7AC38F7E2B6CE87000A866AF /* AppDelegate.swift */,
			);
			path = AppDelegate;
			sourceTree = "<group>";
		};
		7AC38F9A2B6CEBD400A866AF /* Modules */ = {
			isa = PBXGroup;
			children = (
				7AC38F9B2B6CEC0200A866AF /* Main */,
				7AC38F9C2B6CEC0700A866AF /* Playlist */,
			);
			path = Modules;
			sourceTree = "<group>";
		};
		7AC38F9B2B6CEC0200A866AF /* Main */ = {
			isa = PBXGroup;
			children = (
				7AC38F822B6CE87000A866AF /* MainViewController.swift */,
			);
			path = Main;
			sourceTree = "<group>";
		};
		7AC38F9C2B6CEC0700A866AF /* Playlist */ = {
			isa = PBXGroup;
			children = (
				7A1BD7092B6D327500066D66 /* MantraModel.swift */,
				7A1BD7012B6D0E0F00066D66 /* PlaylistViewController.swift */,
				7A1BD70B2B6D3DBC00066D66 /* Views */,
			);
			path = Playlist;
			sourceTree = "<group>";
		};
		7AC38F9D2B6CF5C200A866AF /* Extensions */ = {
			isa = PBXGroup;
			children = (
				7A1BD7102B6D597E00066D66 /* Int + Ext.swift */,
				7AC38F9E2B6CF60400A866AF /* NSObject + Ext.swift */,
				7A1BD70E2B6D3FDF00066D66 /* UITableView + Ext.swift */,
			);
			path = Extensions;
			sourceTree = "<group>";
		};
/* End PBXGroup section */

/* Begin PBXNativeTarget section */
		7AC38F7A2B6CE87000A866AF /* MantraList */ = {
			isa = PBXNativeTarget;
			buildConfigurationList = 7AC38F8F2B6CE88500A866AF /* Build configuration list for PBXNativeTarget "MantraList" */;
			buildPhases = (
				7AC38F772B6CE87000A866AF /* Sources */,
				7AC38F782B6CE87000A866AF /* Frameworks */,
				7AC38F792B6CE87000A866AF /* Resources */,
			);
			buildRules = (
			);
			dependencies = (
			);
			name = MantraList;
			packageProductDependencies = (
				7AC38FA12B6CF6F900A866AF /* SnapKit */,
			);
			productName = MantraList;
			productReference = 7AC38F7B2B6CE87000A866AF /* MantraList.app */;
			productType = "com.apple.product-type.application";
		};
/* End PBXNativeTarget section */

/* Begin PBXProject section */
		7AC38F732B6CE87000A866AF /* Project object */ = {
			isa = PBXProject;
			attributes = {
				BuildIndependentTargetsInParallel = 1;
				LastSwiftUpdateCheck = 1520;
				LastUpgradeCheck = 1520;
				TargetAttributes = {
					7AC38F7A2B6CE87000A866AF = {
						CreatedOnToolsVersion = 15.2;
					};
				};
			};
			buildConfigurationList = 7AC38F762B6CE87000A866AF /* Build configuration list for PBXProject "MantraList" */;
			compatibilityVersion = "Xcode 14.0";
			developmentRegion = en;
			hasScannedForEncodings = 0;
			knownRegions = (
				en,
				Base,
			);
			mainGroup = 7AC38F722B6CE87000A866AF;
			packageReferences = (
				7AC38FA02B6CF6F900A866AF /* XCRemoteSwiftPackageReference "SnapKit" */,
			);
			productRefGroup = 7AC38F7C2B6CE87000A866AF /* Products */;
			projectDirPath = "";
			projectRoot = "";
			targets = (
				7AC38F7A2B6CE87000A866AF /* MantraList */,
			);
		};
/* End PBXProject section */

/* Begin PBXResourcesBuildPhase section */
		7AC38F792B6CE87000A866AF /* Resources */ = {
			isa = PBXResourcesBuildPhase;
			buildActionMask = 2147483647;
			files = (
				7A1BD7132B6D6B0400066D66 /* Localizable.strings in Resources */,
				7AC38F882B6CE88500A866AF /* Assets.xcassets in Resources */,
				7A1BD7082B6D322100066D66 /* Mantras.plist in Resources */,
				7A1BD7002B6D0C0B00066D66 /* Nunito-Bold.ttf in Resources */,
				7A1BD6FF2B6D0C0B00066D66 /* Peachi-black.otf in Resources */,
			);
			runOnlyForDeploymentPostprocessing = 0;
		};
/* End PBXResourcesBuildPhase section */

/* Begin PBXSourcesBuildPhase section */
		7AC38F772B6CE87000A866AF /* Sources */ = {
			isa = PBXSourcesBuildPhase;
			buildActionMask = 2147483647;
			files = (
				7AC38F832B6CE87000A866AF /* MainViewController.swift in Sources */,
				7A1BD70D2B6D3DCE00066D66 /* TableViewMantraCell.swift in Sources */,
				7A1BD7152B6D6B8B00066D66 /* Localizable.swift in Sources */,
				7A1BD7022B6D0E0F00066D66 /* PlaylistViewController.swift in Sources */,
				7A1BD70A2B6D327500066D66 /* MantraModel.swift in Sources */,
				7AC38F992B6CEA5400A866AF /* AppTheme.swift in Sources */,
				7AC38F7F2B6CE87000A866AF /* AppDelegate.swift in Sources */,
				7A1BD7112B6D597E00066D66 /* Int + Ext.swift in Sources */,
				7AC38F9F2B6CF60400A866AF /* NSObject + Ext.swift in Sources */,
				7A1BD70F2B6D3FDF00066D66 /* UITableView + Ext.swift in Sources */,
			);
			runOnlyForDeploymentPostprocessing = 0;
		};
/* End PBXSourcesBuildPhase section */

/* Begin XCBuildConfiguration section */
		7AC38F8D2B6CE88500A866AF /* Debug */ = {
			isa = XCBuildConfiguration;
			buildSettings = {
				ALWAYS_SEARCH_USER_PATHS = NO;
				ASSETCATALOG_COMPILER_GENERATE_SWIFT_ASSET_SYMBOL_EXTENSIONS = YES;
				CLANG_ANALYZER_NONNULL = YES;
				CLANG_ANALYZER_NUMBER_OBJECT_CONVERSION = YES_AGGRESSIVE;
				CLANG_CXX_LANGUAGE_STANDARD = "gnu++20";
				CLANG_ENABLE_MODULES = YES;
				CLANG_ENABLE_OBJC_ARC = YES;
				CLANG_ENABLE_OBJC_WEAK = YES;
				CLANG_WARN_BLOCK_CAPTURE_AUTORELEASING = YES;
				CLANG_WARN_BOOL_CONVERSION = YES;
				CLANG_WARN_COMMA = YES;
				CLANG_WARN_CONSTANT_CONVERSION = YES;
				CLANG_WARN_DEPRECATED_OBJC_IMPLEMENTATIONS = YES;
				CLANG_WARN_DIRECT_OBJC_ISA_USAGE = YES_ERROR;
				CLANG_WARN_DOCUMENTATION_COMMENTS = YES;
				CLANG_WARN_EMPTY_BODY = YES;
				CLANG_WARN_ENUM_CONVERSION = YES;
				CLANG_WARN_INFINITE_RECURSION = YES;
				CLANG_WARN_INT_CONVERSION = YES;
				CLANG_WARN_NON_LITERAL_NULL_CONVERSION = YES;
				CLANG_WARN_OBJC_IMPLICIT_RETAIN_SELF = YES;
				CLANG_WARN_OBJC_LITERAL_CONVERSION = YES;
				CLANG_WARN_OBJC_ROOT_CLASS = YES_ERROR;
				CLANG_WARN_QUOTED_INCLUDE_IN_FRAMEWORK_HEADER = YES;
				CLANG_WARN_RANGE_LOOP_ANALYSIS = YES;
				CLANG_WARN_STRICT_PROTOTYPES = YES;
				CLANG_WARN_SUSPICIOUS_MOVE = YES;
				CLANG_WARN_UNGUARDED_AVAILABILITY = YES_AGGRESSIVE;
				CLANG_WARN_UNREACHABLE_CODE = YES;
				CLANG_WARN__DUPLICATE_METHOD_MATCH = YES;
				COPY_PHASE_STRIP = NO;
				DEBUG_INFORMATION_FORMAT = dwarf;
				ENABLE_STRICT_OBJC_MSGSEND = YES;
				ENABLE_TESTABILITY = YES;
				ENABLE_USER_SCRIPT_SANDBOXING = YES;
				GCC_C_LANGUAGE_STANDARD = gnu17;
				GCC_DYNAMIC_NO_PIC = NO;
				GCC_NO_COMMON_BLOCKS = YES;
				GCC_OPTIMIZATION_LEVEL = 0;
				GCC_PREPROCESSOR_DEFINITIONS = (
					"DEBUG=1",
					"$(inherited)",
				);
				GCC_WARN_64_TO_32_BIT_CONVERSION = YES;
				GCC_WARN_ABOUT_RETURN_TYPE = YES_ERROR;
				GCC_WARN_UNDECLARED_SELECTOR = YES;
				GCC_WARN_UNINITIALIZED_AUTOS = YES_AGGRESSIVE;
				GCC_WARN_UNUSED_FUNCTION = YES;
				GCC_WARN_UNUSED_VARIABLE = YES;
				IPHONEOS_DEPLOYMENT_TARGET = 17.2;
				LOCALIZATION_PREFERS_STRING_CATALOGS = YES;
				MTL_ENABLE_DEBUG_INFO = INCLUDE_SOURCE;
				MTL_FAST_MATH = YES;
				ONLY_ACTIVE_ARCH = YES;
				SDKROOT = iphoneos;
				SWIFT_ACTIVE_COMPILATION_CONDITIONS = "DEBUG $(inherited)";
				SWIFT_OPTIMIZATION_LEVEL = "-Onone";
			};
			name = Debug;
		};
		7AC38F8E2B6CE88500A866AF /* Release */ = {
			isa = XCBuildConfiguration;
			buildSettings = {
				ALWAYS_SEARCH_USER_PATHS = NO;
				ASSETCATALOG_COMPILER_GENERATE_SWIFT_ASSET_SYMBOL_EXTENSIONS = YES;
				CLANG_ANALYZER_NONNULL = YES;
				CLANG_ANALYZER_NUMBER_OBJECT_CONVERSION = YES_AGGRESSIVE;
				CLANG_CXX_LANGUAGE_STANDARD = "gnu++20";
				CLANG_ENABLE_MODULES = YES;
				CLANG_ENABLE_OBJC_ARC = YES;
				CLANG_ENABLE_OBJC_WEAK = YES;
				CLANG_WARN_BLOCK_CAPTURE_AUTORELEASING = YES;
				CLANG_WARN_BOOL_CONVERSION = YES;
				CLANG_WARN_COMMA = YES;
				CLANG_WARN_CONSTANT_CONVERSION = YES;
				CLANG_WARN_DEPRECATED_OBJC_IMPLEMENTATIONS = YES;
				CLANG_WARN_DIRECT_OBJC_ISA_USAGE = YES_ERROR;
				CLANG_WARN_DOCUMENTATION_COMMENTS = YES;
				CLANG_WARN_EMPTY_BODY = YES;
				CLANG_WARN_ENUM_CONVERSION = YES;
				CLANG_WARN_INFINITE_RECURSION = YES;
				CLANG_WARN_INT_CONVERSION = YES;
				CLANG_WARN_NON_LITERAL_NULL_CONVERSION = YES;
				CLANG_WARN_OBJC_IMPLICIT_RETAIN_SELF = YES;
				CLANG_WARN_OBJC_LITERAL_CONVERSION = YES;
				CLANG_WARN_OBJC_ROOT_CLASS = YES_ERROR;
				CLANG_WARN_QUOTED_INCLUDE_IN_FRAMEWORK_HEADER = YES;
				CLANG_WARN_RANGE_LOOP_ANALYSIS = YES;
				CLANG_WARN_STRICT_PROTOTYPES = YES;
				CLANG_WARN_SUSPICIOUS_MOVE = YES;
				CLANG_WARN_UNGUARDED_AVAILABILITY = YES_AGGRESSIVE;
				CLANG_WARN_UNREACHABLE_CODE = YES;
				CLANG_WARN__DUPLICATE_METHOD_MATCH = YES;
				COPY_PHASE_STRIP = NO;
				DEBUG_INFORMATION_FORMAT = "dwarf-with-dsym";
				ENABLE_NS_ASSERTIONS = NO;
				ENABLE_STRICT_OBJC_MSGSEND = YES;
				ENABLE_USER_SCRIPT_SANDBOXING = YES;
				GCC_C_LANGUAGE_STANDARD = gnu17;
				GCC_NO_COMMON_BLOCKS = YES;
				GCC_WARN_64_TO_32_BIT_CONVERSION = YES;
				GCC_WARN_ABOUT_RETURN_TYPE = YES_ERROR;
				GCC_WARN_UNDECLARED_SELECTOR = YES;
				GCC_WARN_UNINITIALIZED_AUTOS = YES_AGGRESSIVE;
				GCC_WARN_UNUSED_FUNCTION = YES;
				GCC_WARN_UNUSED_VARIABLE = YES;
				IPHONEOS_DEPLOYMENT_TARGET = 17.2;
				LOCALIZATION_PREFERS_STRING_CATALOGS = YES;
				MTL_ENABLE_DEBUG_INFO = NO;
				MTL_FAST_MATH = YES;
				SDKROOT = iphoneos;
				SWIFT_COMPILATION_MODE = wholemodule;
				VALIDATE_PRODUCT = YES;
			};
			name = Release;
		};
		7AC38F902B6CE88500A866AF /* Debug */ = {
			isa = XCBuildConfiguration;
			buildSettings = {
				ASSETCATALOG_COMPILER_APPICON_NAME = AppIcon;
				ASSETCATALOG_COMPILER_GLOBAL_ACCENT_COLOR_NAME = AccentColor;
				CODE_SIGN_STYLE = Automatic;
				CURRENT_PROJECT_VERSION = 1;
				DEVELOPMENT_TEAM = W4C8NP3WVQ;
				GENERATE_INFOPLIST_FILE = YES;
				INFOPLIST_FILE = MantraList/Resources/Info.plist;
				INFOPLIST_KEY_UIApplicationSupportsIndirectInputEvents = YES;
				INFOPLIST_KEY_UILaunchStoryboardName = LaunchScreen;
				INFOPLIST_KEY_UISupportedInterfaceOrientations_iPad = "UIInterfaceOrientationPortrait UIInterfaceOrientationPortraitUpsideDown UIInterfaceOrientationLandscapeLeft UIInterfaceOrientationLandscapeRight";
				INFOPLIST_KEY_UISupportedInterfaceOrientations_iPhone = "UIInterfaceOrientationPortrait UIInterfaceOrientationLandscapeLeft UIInterfaceOrientationLandscapeRight";
				LD_RUNPATH_SEARCH_PATHS = (
					"$(inherited)",
					"@executable_path/Frameworks",
				);
				MARKETING_VERSION = 1.0;
				PRODUCT_BUNDLE_IDENTIFIER = com.testpoject.mantra.list.MantraList;
				PRODUCT_NAME = "$(TARGET_NAME)";
				SWIFT_EMIT_LOC_STRINGS = YES;
				SWIFT_VERSION = 5.0;
				TARGETED_DEVICE_FAMILY = "1,2";
			};
			name = Debug;
		};
		7AC38F912B6CE88500A866AF /* Release */ = {
			isa = XCBuildConfiguration;
			buildSettings = {
				ASSETCATALOG_COMPILER_APPICON_NAME = AppIcon;
				ASSETCATALOG_COMPILER_GLOBAL_ACCENT_COLOR_NAME = AccentColor;
				CODE_SIGN_STYLE = Automatic;
				CURRENT_PROJECT_VERSION = 1;
				DEVELOPMENT_TEAM = W4C8NP3WVQ;
				GENERATE_INFOPLIST_FILE = YES;
				INFOPLIST_FILE = MantraList/Resources/Info.plist;
				INFOPLIST_KEY_UIApplicationSupportsIndirectInputEvents = YES;
				INFOPLIST_KEY_UILaunchStoryboardName = LaunchScreen;
				INFOPLIST_KEY_UISupportedInterfaceOrientations_iPad = "UIInterfaceOrientationPortrait UIInterfaceOrientationPortraitUpsideDown UIInterfaceOrientationLandscapeLeft UIInterfaceOrientationLandscapeRight";
				INFOPLIST_KEY_UISupportedInterfaceOrientations_iPhone = "UIInterfaceOrientationPortrait UIInterfaceOrientationLandscapeLeft UIInterfaceOrientationLandscapeRight";
				LD_RUNPATH_SEARCH_PATHS = (
					"$(inherited)",
					"@executable_path/Frameworks",
				);
				MARKETING_VERSION = 1.0;
				PRODUCT_BUNDLE_IDENTIFIER = com.testpoject.mantra.list.MantraList;
				PRODUCT_NAME = "$(TARGET_NAME)";
				SWIFT_EMIT_LOC_STRINGS = YES;
				SWIFT_VERSION = 5.0;
				TARGETED_DEVICE_FAMILY = "1,2";
			};
			name = Release;
		};
/* End XCBuildConfiguration section */

/* Begin XCConfigurationList section */
		7AC38F762B6CE87000A866AF /* Build configuration list for PBXProject "MantraList" */ = {
			isa = XCConfigurationList;
			buildConfigurations = (
				7AC38F8D2B6CE88500A866AF /* Debug */,
				7AC38F8E2B6CE88500A866AF /* Release */,
			);
			defaultConfigurationIsVisible = 0;
			defaultConfigurationName = Release;
		};
		7AC38F8F2B6CE88500A866AF /* Build configuration list for PBXNativeTarget "MantraList" */ = {
			isa = XCConfigurationList;
			buildConfigurations = (
				7AC38F902B6CE88500A866AF /* Debug */,
				7AC38F912B6CE88500A866AF /* Release */,
			);
			defaultConfigurationIsVisible = 0;
			defaultConfigurationName = Release;
		};
/* End XCConfigurationList section */

/* Begin XCRemoteSwiftPackageReference section */
		7AC38FA02B6CF6F900A866AF /* XCRemoteSwiftPackageReference "SnapKit" */ = {
			isa = XCRemoteSwiftPackageReference;
			repositoryURL = "https://github.com/SnapKit/SnapKit.git";
			requirement = {
				kind = upToNextMajorVersion;
				minimumVersion = 5.7.0;
			};
		};
/* End XCRemoteSwiftPackageReference section */

/* Begin XCSwiftPackageProductDependency section */
		7AC38FA12B6CF6F900A866AF /* SnapKit */ = {
			isa = XCSwiftPackageProductDependency;
			package = 7AC38FA02B6CF6F900A866AF /* XCRemoteSwiftPackageReference "SnapKit" */;
			productName = SnapKit;
		};
/* End XCSwiftPackageProductDependency section */
	};
	rootObject = 7AC38F732B6CE87000A866AF /* Project object */;
}
